
Microsoft Visual Studio Solution File, Format Version 12.00
# Visual Studio Version 17
VisualStudioVersion = 17.5.002.0
MinimumVisualStudioVersion = 10.0.40219.1
Project("{2150E333-8FDC-42A3-9474-1A3956D46DE8}") = "Aula 02 - Exercício de Fixação 1", "Aula 02 - Exercício de Fixação 1", "{07165A37-0182-40C3-8C68-4DF56F2618A1}"
EndProject
Project("{9A19103F-16F7-4668-BE54-9A1E7A4F7556}") = "Consecionária", "Aula 02 - Exercício de Fixação 1\Concessionária\Consecionária.csproj", "{F7070E0B-E4D5-4780-A720-DC91B1B402FF}"
EndProject
Project("{9A19103F-16F7-4668-BE54-9A1E7A4F7556}") = "Desafio_01", "Aula 02 - Exercício de Fixação 1\Desafio_01\Desafio_01.csproj", "{4384D197-3943-4007-BCB7-85C0B81640E0}"
EndProject
Project("{9A19103F-16F7-4668-BE54-9A1E7A4F7556}") = "Ex_002", "Aula 02 - Exercício de Fixação 1\Ex_002\Ex_002.csproj", "{5C156A4F-D919-4898-A9B5-4E5AB0A9D48C}"
EndProject
Project("{9A19103F-16F7-4668-BE54-9A1E7A4F7556}") = "Ex_003", "Aula 02 - Exercício de Fixação 1\Ex_003\Ex_003.csproj", "{F2C379EA-D0C2-4E72-BF89-F4A925F82B6A}"
EndProject
Project("{9A19103F-16F7-4668-BE54-9A1E7A4F7556}") = "Ex_004", "Aula 02 - Exercício de Fixação 1\Ex_004\Ex_004.csproj", "{EF839EAB-36FC-4C8C-8615-29B98CB70E8C}"
EndProject
Project("{9A19103F-16F7-4668-BE54-9A1E7A4F7556}") = "Ex_005", "Aula 02 - Exercício de Fixação 1\Ex_005\Ex_005.csproj", "{D45E86A0-49BC-4DED-A480-AC314A99B535}"
EndProject
Project("{9A19103F-16F7-4668-BE54-9A1E7A4F7556}") = "Ex_006", "Aula 02 - Exercício de Fixação 1\Ex_006\Ex_006.csproj", "{0596431B-331C-45DD-BBB9-D233DD5A9AB5}"
EndProject
Project("{9A19103F-16F7-4668-BE54-9A1E7A4F7556}") = "Ex_007", "Aula 02 - Exercício de Fixação 1\Ex_007\Ex_007.csproj", "{FF35909F-98C8-4B76-9472-2ED0005D75A6}"
EndProject
Project("{2150E333-8FDC-42A3-9474-1A3956D46DE8}") = "Aula 07 - Exercício de Fixação 3", "Aula 07 - Exercício de Fixação 3", "{A85BFCE2-42FF-4D13-A68B-251DF42D7B2A}"
EndProject
Project("{9A19103F-16F7-4668-BE54-9A1E7A4F7556}") = "Ex_001", "Aula 07 - Exercício de Fixação 3\Ex_001\Ex_001.csproj", "{35904697-7047-4E5E-8A37-4823534C4AA6}"
EndProject
Project("{9A19103F-16F7-4668-BE54-9A1E7A4F7556}") = "Ex_002", "Aula 07 - Exercício de Fixação 3\Ex_002\Ex_002.csproj", "{A51B33F5-554D-4740-BF4A-8068EF416085}"
EndProject
Project("{9A19103F-16F7-4668-BE54-9A1E7A4F7556}") = "Ex_003", "Aula 07 - Exercício de Fixação 3\Ex_003\Ex_003.csproj", "{A67C93AE-BC1C-460B-A4AA-A07D9261C13B}"
EndProject
Project("{9A19103F-16F7-4668-BE54-9A1E7A4F7556}") = "Ex_006", "Aula 07 - Exercício de Fixação 3\Ex_006\Ex_006.csproj", "{37390B29-5493-40EA-98C5-C4913A117DF1}"
EndProject
Global
	GlobalSection(SolutionConfigurationPlatforms) = preSolution
		Debug|Any CPU = Debug|Any CPU
		Release|Any CPU = Release|Any CPU
	EndGlobalSection
	GlobalSection(ProjectConfigurationPlatforms) = postSolution
		{F7070E0B-E4D5-4780-A720-DC91B1B402FF}.Debug|Any CPU.ActiveCfg = Debug|Any CPU
		{F7070E0B-E4D5-4780-A720-DC91B1B402FF}.Debug|Any CPU.Build.0 = Debug|Any CPU
		{F7070E0B-E4D5-4780-A720-DC91B1B402FF}.Release|Any CPU.ActiveCfg = Release|Any CPU
		{F7070E0B-E4D5-4780-A720-DC91B1B402FF}.Release|Any CPU.Build.0 = Release|Any CPU
		{4384D197-3943-4007-BCB7-85C0B81640E0}.Debug|Any CPU.ActiveCfg = Debug|Any CPU
		{4384D197-3943-4007-BCB7-85C0B81640E0}.Debug|Any CPU.Build.0 = Debug|Any CPU
		{4384D197-3943-4007-BCB7-85C0B81640E0}.Release|Any CPU.ActiveCfg = Release|Any CPU
		{4384D197-3943-4007-BCB7-85C0B81640E0}.Release|Any CPU.Build.0 = Release|Any CPU
		{5C156A4F-D919-4898-A9B5-4E5AB0A9D48C}.Debug|Any CPU.ActiveCfg = Debug|Any CPU
		{5C156A4F-D919-4898-A9B5-4E5AB0A9D48C}.Debug|Any CPU.Build.0 = Debug|Any CPU
		{5C156A4F-D919-4898-A9B5-4E5AB0A9D48C}.Release|Any CPU.ActiveCfg = Release|Any CPU
		{5C156A4F-D919-4898-A9B5-4E5AB0A9D48C}.Release|Any CPU.Build.0 = Release|Any CPU
		{F2C379EA-D0C2-4E72-BF89-F4A925F82B6A}.Debug|Any CPU.ActiveCfg = Debug|Any CPU
		{F2C379EA-D0C2-4E72-BF89-F4A925F82B6A}.Debug|Any CPU.Build.0 = Debug|Any CPU
		{F2C379EA-D0C2-4E72-BF89-F4A925F82B6A}.Release|Any CPU.ActiveCfg = Release|Any CPU
		{F2C379EA-D0C2-4E72-BF89-F4A925F82B6A}.Release|Any CPU.Build.0 = Release|Any CPU
		{EF839EAB-36FC-4C8C-8615-29B98CB70E8C}.Debug|Any CPU.ActiveCfg = Debug|Any CPU
		{EF839EAB-36FC-4C8C-8615-29B98CB70E8C}.Debug|Any CPU.Build.0 = Debug|Any CPU
		{EF839EAB-36FC-4C8C-8615-29B98CB70E8C}.Release|Any CPU.ActiveCfg = Release|Any CPU
		{EF839EAB-36FC-4C8C-8615-29B98CB70E8C}.Release|Any CPU.Build.0 = Release|Any CPU
		{D45E86A0-49BC-4DED-A480-AC314A99B535}.Debug|Any CPU.ActiveCfg = Debug|Any CPU
		{D45E86A0-49BC-4DED-A480-AC314A99B535}.Debug|Any CPU.Build.0 = Debug|Any CPU
		{D45E86A0-49BC-4DED-A480-AC314A99B535}.Release|Any CPU.ActiveCfg = Release|Any CPU
		{D45E86A0-49BC-4DED-A480-AC314A99B535}.Release|Any CPU.Build.0 = Release|Any CPU
		{0596431B-331C-45DD-BBB9-D233DD5A9AB5}.Debug|Any CPU.ActiveCfg = Debug|Any CPU
		{0596431B-331C-45DD-BBB9-D233DD5A9AB5}.Debug|Any CPU.Build.0 = Debug|Any CPU
		{0596431B-331C-45DD-BBB9-D233DD5A9AB5}.Release|Any CPU.ActiveCfg = Release|Any CPU
		{0596431B-331C-45DD-BBB9-D233DD5A9AB5}.Release|Any CPU.Build.0 = Release|Any CPU
		{FF35909F-98C8-4B76-9472-2ED0005D75A6}.Debug|Any CPU.ActiveCfg = Debug|Any CPU
		{FF35909F-98C8-4B76-9472-2ED0005D75A6}.Debug|Any CPU.Build.0 = Debug|Any CPU
		{FF35909F-98C8-4B76-9472-2ED0005D75A6}.Release|Any CPU.ActiveCfg = Release|Any CPU
		{FF35909F-98C8-4B76-9472-2ED0005D75A6}.Release|Any CPU.Build.0 = Release|Any CPU
		{35904697-7047-4E5E-8A37-4823534C4AA6}.Debug|Any CPU.ActiveCfg = Debug|Any CPU
		{35904697-7047-4E5E-8A37-4823534C4AA6}.Debug|Any CPU.Build.0 = Debug|Any CPU
		{35904697-7047-4E5E-8A37-4823534C4AA6}.Release|Any CPU.ActiveCfg = Release|Any CPU
		{35904697-7047-4E5E-8A37-4823534C4AA6}.Release|Any CPU.Build.0 = Release|Any CPU
		{A51B33F5-554D-4740-BF4A-8068EF416085}.Debug|Any CPU.ActiveCfg = Debug|Any CPU
		{A51B33F5-554D-4740-BF4A-8068EF416085}.Debug|Any CPU.Build.0 = Debug|Any CPU
		{A51B33F5-554D-4740-BF4A-8068EF416085}.Release|Any CPU.ActiveCfg = Release|Any CPU
		{A51B33F5-554D-4740-BF4A-8068EF416085}.Release|Any CPU.Build.0 = Release|Any CPU
		{A67C93AE-BC1C-460B-A4AA-A07D9261C13B}.Debug|Any CPU.ActiveCfg = Debug|Any CPU
		{A67C93AE-BC1C-460B-A4AA-A07D9261C13B}.Debug|Any CPU.Build.0 = Debug|Any CPU
		{A67C93AE-BC1C-460B-A4AA-A07D9261C13B}.Release|Any CPU.ActiveCfg = Release|Any CPU
		{A67C93AE-BC1C-460B-A4AA-A07D9261C13B}.Release|Any CPU.Build.0 = Release|Any CPU
		{37390B29-5493-40EA-98C5-C4913A117DF1}.Debug|Any CPU.ActiveCfg = Debug|Any CPU
		{37390B29-5493-40EA-98C5-C4913A117DF1}.Debug|Any CPU.Build.0 = Debug|Any CPU
		{37390B29-5493-40EA-98C5-C4913A117DF1}.Release|Any CPU.ActiveCfg = Release|Any CPU
		{37390B29-5493-40EA-98C5-C4913A117DF1}.Release|Any CPU.Build.0 = Release|Any CPU
	EndGlobalSection
	GlobalSection(SolutionProperties) = preSolution
		HideSolutionNode = FALSE
	EndGlobalSection
	GlobalSection(NestedProjects) = preSolution
		{F7070E0B-E4D5-4780-A720-DC91B1B402FF} = {07165A37-0182-40C3-8C68-4DF56F2618A1}
		{4384D197-3943-4007-BCB7-85C0B81640E0} = {07165A37-0182-40C3-8C68-4DF56F2618A1}
		{5C156A4F-D919-4898-A9B5-4E5AB0A9D48C} = {07165A37-0182-40C3-8C68-4DF56F2618A1}
		{F2C379EA-D0C2-4E72-BF89-F4A925F82B6A} = {07165A37-0182-40C3-8C68-4DF56F2618A1}
		{EF839EAB-36FC-4C8C-8615-29B98CB70E8C} = {07165A37-0182-40C3-8C68-4DF56F2618A1}
		{D45E86A0-49BC-4DED-A480-AC314A99B535} = {07165A37-0182-40C3-8C68-4DF56F2618A1}
		{0596431B-331C-45DD-BBB9-D233DD5A9AB5} = {07165A37-0182-40C3-8C68-4DF56F2618A1}
		{FF35909F-98C8-4B76-9472-2ED0005D75A6} = {07165A37-0182-40C3-8C68-4DF56F2618A1}
		{35904697-7047-4E5E-8A37-4823534C4AA6} = {A85BFCE2-42FF-4D13-A68B-251DF42D7B2A}
		{A51B33F5-554D-4740-BF4A-8068EF416085} = {A85BFCE2-42FF-4D13-A68B-251DF42D7B2A}
		{A67C93AE-BC1C-460B-A4AA-A07D9261C13B} = {A85BFCE2-42FF-4D13-A68B-251DF42D7B2A}
		{37390B29-5493-40EA-98C5-C4913A117DF1} = {A85BFCE2-42FF-4D13-A68B-251DF42D7B2A}
	EndGlobalSection
	GlobalSection(ExtensibilityGlobals) = postSolution
		SolutionGuid = {91E33E57-7880-4FD6-963B-590625CD4243}
	EndGlobalSection
EndGlobal
